
Microsoft Visual Studio Solution File, Format Version 12.00
# Visual Studio Version 17
VisualStudioVersion = 17.13.35931.197 d17.13
MinimumVisualStudioVersion = 10.0.40219.1
Project("{FAE04EC0-301F-11D3-BF4B-00C04F79EFBC}") = "Inventory_Tracker", "Inventory_Tracker.csproj", "{807722BD-ABF6-4CD9-99A6-2AF7F7A6BEC3}"
EndProject
Global
	GlobalSection(SolutionConfigurationPlatforms) = preSolution
		Debug|Any CPU = Debug|Any CPU
		Release|Any CPU = Release|Any CPU
	EndGlobalSection
	GlobalSection(ProjectConfigurationPlatforms) = postSolution
		{807722BD-ABF6-4CD9-99A6-2AF7F7A6BEC3}.Debug|Any CPU.ActiveCfg = Debug|Any CPU
		{807722BD-ABF6-4CD9-99A6-2AF7F7A6BEC3}.Debug|Any CPU.Build.0 = Debug|Any CPU
		{807722BD-ABF6-4CD9-99A6-2AF7F7A6BEC3}.Release|Any CPU.ActiveCfg = Release|Any CPU
		{807722BD-ABF6-4CD9-99A6-2AF7F7A6BEC3}.Release|Any CPU.Build.0 = Release|Any CPU
	EndGlobalSection
	GlobalSection(SolutionProperties) = preSolution
		HideSolutionNode = FALSE
	EndGlobalSection
	GlobalSection(ExtensibilityGlobals) = postSolution
		SolutionGuid = {F6766CB0-D073-4C44-828D-910BB685856B}
	EndGlobalSection
EndGlobal
